{
  "name": "trinityaccord-ethereum-proof-capture",
  "lockfileVersion": 3,
  "requires": true,
  "packages": {
    "": {
      "name": "trinityaccord-ethereum-proof-capture",
      "dependencies": {
        "@chainsafe/persistent-merkle-tree": "1.3.0",
        "@lodestar/types": "1.45.0"
      }
    },
    "node_modules/@chainsafe/as-sha256": {
      "version": "1.2.4",
      "resolved": "https://registry.npmjs.org/@chainsafe/as-sha256/-/as-sha256-1.2.4.tgz",
      "integrity": "sha512-3GXDysZOKD6cTYbm48lEdXdUbS7cafjXQZfgHOspTByhoGR/JM3KBXyF3vE6bf63ImjNPyoEZwnQcpYPQ6k3bQ==",
      "license": "Apache-2.0"
    },
    "node_modules/@chainsafe/hashtree": {
      "version": "1.0.2",
      "resolved": "https://registry.npmjs.org/@chainsafe/hashtree/-/hashtree-1.0.2.tgz",
      "integrity": "sha512-OaWjsZ6S/GaT2RvaqdpsF5Mux8qQOE2KbitX2yHmQJZNUZkdh7C3N4PA5LsvewqX+z8Nkv8mr1uSe0LSrHGiQw==",
      "license": "MIT",
      "engines": {
        "node": ">= 18"
      },
      "optionalDependencies": {
        "@chainsafe/hashtree-darwin-arm64": "1.0.2",
        "@chainsafe/hashtree-linux-arm64-gnu": "1.0.2",
        "@chainsafe/hashtree-linux-arm64-musl": "1.0.2",
        "@chainsafe/hashtree-linux-x64-gnu": "1.0.2",
        "@chainsafe/hashtree-linux-x64-musl": "1.0.2",
        "@chainsafe/hashtree-win32-x64-msvc": "1.0.2"
      }
    },
    "node_modules/@chainsafe/hashtree-darwin-arm64": {
      "version": "1.0.2",
      "resolved": "https://registry.npmjs.org/@chainsafe/hashtree-darwin-arm64/-/hashtree-darwin-arm64-1.0.2.tgz",
      "integrity": "sha512-yIIwn9SUR5ZTl2vN1QqRtDFL/w2xYW4o68A1k8UexMbieGAnE7Ab7NvtCZRHRe8x0eONO46F/bWn5bxxyYlFXw==",
      "cpu": [
        "arm64"
      ],
      "license": "MIT",
      "optional": true,
      "os": [
        "darwin"
      ],
      "engines": {
        "node": ">= 18"
      }
    },
    "node_modules/@chainsafe/hashtree-linux-arm64-gnu": {
      "version": "1.0.2",
      "resolved": "https://registry.npmjs.org/@chainsafe/hashtree-linux-arm64-gnu/-/hashtree-linux-arm64-gnu-1.0.2.tgz",
      "integrity": "sha512-MDz1xBRTRHw2eezGqx1Ff8NoeUUQP3bhbeeVG8ZZTkFYqvRc8O65OQOTtgO+fFGvqnDjVBSRHmiTXU5eNeH/mQ==",
      "cpu": [
        "arm64"
      ],
      "license": "MIT",
      "optional": true,
      "os": [
        "linux"
      ],
      "engines": {
        "node": ">= 18"
      }
    },
    "node_modules/@chainsafe/hashtree-linux-arm64-musl": {
      "version": "1.0.2",
      "resolved": "https://registry.npmjs.org/@chainsafe/hashtree-linux-arm64-musl/-/hashtree-linux-arm64-musl-1.0.2.tgz",
      "integrity": "sha512-BUy+/9brJwAFAtraro4y/1F+aP/8j/7HrnYdde8PTu7jHWAClI9xZygadaJbk0GoWxyCOUAJKUs8KHVnYxJDeg==",
      "cpu": [
        "arm64"
      ],
      "license": "MIT",
      "optional": true,
      "os": [
        "linux"
      ],
      "engines": {
        "node": ">= 18"
      }
    },
    "node_modules/@chainsafe/hashtree-linux-x64-gnu": {
      "version": "1.0.2",
      "resolved": "https://registry.npmjs.org/@chainsafe/hashtree-linux-x64-gnu/-/hashtree-linux-x64-gnu-1.0.2.tgz",
      "integrity": "sha512-bFy9ffFG77SivmeOjOlZmOCrxzQ/WqUESy0I+dW6IX7wquTXHldJKWvohs9+FEn3TSXgeigFmEATz5tfxBfIZw==",
      "cpu": [
        "x64"
      ],
      "license": "MIT",
      "optional": true,
      "os": [
        "linux"
      ],
      "engines": {
        "node": ">= 18"
      }
    },
    "node_modules/@chainsafe/hashtree-linux-x64-musl": {
      "version": "1.0.2",
      "resolved": "https://registry.npmjs.org/@chainsafe/hashtree-linux-x64-musl/-/hashtree-linux-x64-musl-1.0.2.tgz",
      "integrity": "sha512-mbJB3C0RjwpqOMPZIUQm3IBH6d3sYiKDXMU6ORt5nuk7Ix2I80xxffAciDO1d7kKNnW6HStOj5s/rGhIDxK1ug==",
      "cpu": [
        "x64"
      ],
      "license": "MIT",
      "optional": true,
      "os": [
        "linux"
      ],
      "engines": {
        "node": ">= 18"
      }
    },
    "node_modules/@chainsafe/hashtree-win32-x64-msvc": {
      "version": "1.0.2",
      "resolved": "https://registry.npmjs.org/@chainsafe/hashtree-win32-x64-msvc/-/hashtree-win32-x64-msvc-1.0.2.tgz",
      "integrity": "sha512-wXFhGqaydgadefQbjSTGqZY1R1MBhnJj+gbJhULNRUXco5pHsXfOk3QhCDAefp1PPW+wQwfT4clEnQCqJIf58w==",
      "cpu": [
        "x64"
      ],
      "license": "MIT",
      "optional": true,
      "os": [
        "win32"
      ],
      "engines": {
        "node": ">= 18"
      }
    },
    "node_modules/@chainsafe/persistent-merkle-tree": {
      "version": "1.3.0",
      "resolved": "https://registry.npmjs.org/@chainsafe/persistent-merkle-tree/-/persistent-merkle-tree-1.3.0.tgz",
      "integrity": "sha512-xGe95xNkYayC5BYQpo7ft5oHwyf52YtqBip+GJqZ9XgKSzraw93qUMNeqKrOVJbZM5HEOys8xxkt0h7VD1a9cw==",
      "license": "Apache-2.0",
      "dependencies": {
        "@chainsafe/as-sha256": "",
        "@chainsafe/hashtree": "1.0.2",
        "@noble/hashes": "^1.3.0"
      }
    },
    "node_modules/@chainsafe/ssz": {
      "version": "1.6.2",
      "resolved": "https://registry.npmjs.org/@chainsafe/ssz/-/ssz-1.6.2.tgz",
      "integrity": "sha512-XJELFJBHBstcvyRuXWPmNc/WRWmV5FVV03+iPTpgtCPQaImEHjKU4bc/5me35dRrXpehC04LD4ePYayOUjxFbw==",
      "license": "Apache-2.0",
      "dependencies": {
        "@chainsafe/as-sha256": "",
        "@chainsafe/persistent-merkle-tree": ""
      }
    },
    "node_modules/@lodestar/params": {
      "version": "1.45.0",
      "resolved": "https://registry.npmjs.org/@lodestar/params/-/params-1.45.0.tgz",
      "integrity": "sha512-tP9VEvq+2EfboHyIicOdYBw+kn8iZFRaoVNvAJZfC5bwlYivufPnbxPCeWL5iXOqQw5I+DOENVd0/Y29kVLGQQ==",
      "license": "Apache-2.0"
    },
    "node_modules/@lodestar/types": {
      "version": "1.45.0",
      "resolved": "https://registry.npmjs.org/@lodestar/types/-/types-1.45.0.tgz",
      "integrity": "sha512-OmEMdwYmko6/pFlaGFLXLIDTUH9jxbFbDb7bYYTBCcDiNgXn2L7Mr2WALIu4zjUOk78HB7BcBl2BI1ewfa1z9A==",
      "license": "Apache-2.0",
      "dependencies": {
        "@chainsafe/ssz": "^1.6.2",
        "@lodestar/params": "^1.45.0",
        "ethereum-cryptography": "^2.0.0"
      }
    },
    "node_modules/@noble/curves": {
      "version": "1.4.2",
      "resolved": "https://registry.npmjs.org/@noble/curves/-/curves-1.4.2.tgz",
      "integrity": "sha512-TavHr8qycMChk8UwMld0ZDRvatedkzWfH8IiaeGCfymOP5i0hSCozz9vHOL0nkwk7HRMlFnAiKpS2jrUmSybcw==",
      "license": "MIT",
      "dependencies": {
        "@noble/hashes": "1.4.0"
      },
      "funding": {
        "url": "https://paulmillr.com/funding/"
      }
    },
    "node_modules/@noble/curves/node_modules/@noble/hashes": {
      "version": "1.4.0",
      "resolved": "https://registry.npmjs.org/@noble/hashes/-/hashes-1.4.0.tgz",
      "integrity": "sha512-V1JJ1WTRUqHHrOSh597hURcMqVKVGL/ea3kv0gSnEdsEZ0/+VyPghM1lMNGc00z7CIQorSvbKpuJkxvuHbvdbg==",
      "license": "MIT",
      "engines": {
        "node": ">= 16"
      },
      "funding": {
        "url": "https://paulmillr.com/funding/"
      }
    },
    "node_modules/@noble/hashes": {
      "version": "1.8.0",
      "resolved": "https://registry.npmjs.org/@noble/hashes/-/hashes-1.8.0.tgz",
      "integrity": "sha512-jCs9ldd7NwzpgXDIf6P3+NrHh9/sD6CQdxHyjQI+h/6rDNo88ypBxxz45UDuZHz9r3tNz7N/VInSVoVdtXEI4A==",
      "license": "MIT",
      "engines": {
        "node": "^14.21.3 || >=16"
      },
      "funding": {
        "url": "https://paulmillr.com/funding/"
      }
    },
    "node_modules/@scure/base": {
      "version": "1.1.9",
      "resolved": "https://registry.npmjs.org/@scure/base/-/base-1.1.9.tgz",
      "integrity": "sha512-8YKhl8GHiNI/pU2VMaofa2Tor7PJRAjwQLBBuilkJ9L5+13yVbC7JO/wS7piioAvPSwR3JKM1IJ/u4xQzbcXKg==",
      "license": "MIT",
      "funding": {
        "url": "https://paulmillr.com/funding/"
      }
    },
    "node_modules/@scure/bip32": {
      "version": "1.4.0",
      "resolved": "https://registry.npmjs.org/@scure/bip32/-/bip32-1.4.0.tgz",
      "integrity": "sha512-sVUpc0Vq3tXCkDGYVWGIZTRfnvu8LoTDaev7vbwh0omSvVORONr960MQWdKqJDCReIEmTj3PAr73O3aoxz7OPg==",
      "license": "MIT",
      "dependencies": {
        "@noble/curves": "~1.4.0",
        "@noble/hashes": "~1.4.0",
        "@scure/base": "~1.1.6"
      },
      "funding": {
        "url": "https://paulmillr.com/funding/"
      }
    },
    "node_modules/@scure/bip32/node_modules/@noble/hashes": {
      "version": "1.4.0",
      "resolved": "https://registry.npmjs.org/@noble/hashes/-/hashes-1.4.0.tgz",
      "integrity": "sha512-V1JJ1WTRUqHHrOSh597hURcMqVKVGL/ea3kv0gSnEdsEZ0/+VyPghM1lMNGc00z7CIQorSvbKpuJkxvuHbvdbg==",
      "license": "MIT",
      "engines": {
        "node": ">= 16"
      },
      "funding": {
        "url": "https://paulmillr.com/funding/"
      }
    },
    "node_modules/@scure/bip39": {
      "version": "1.3.0",
      "resolved": "https://registry.npmjs.org/@scure/bip39/-/bip39-1.3.0.tgz",
      "integrity": "sha512-disdg7gHuTDZtY+ZdkmLpPCk7fxZSu3gBiEGuoC1XYxv9cGx3Z6cpTggCgW6odSOOIXCiDjuGejW+aJKCY/pIQ==",
      "license": "MIT",
      "dependencies": {
        "@noble/hashes": "~1.4.0",
        "@scure/base": "~1.1.6"
      },
      "funding": {
        "url": "https://paulmillr.com/funding/"
      }
    },
    "node_modules/@scure/bip39/node_modules/@noble/hashes": {
      "version": "1.4.0",
      "resolved": "https://registry.npmjs.org/@noble/hashes/-/hashes-1.4.0.tgz",
      "integrity": "sha512-V1JJ1WTRUqHHrOSh597hURcMqVKVGL/ea3kv0gSnEdsEZ0/+VyPghM1lMNGc00z7CIQorSvbKpuJkxvuHbvdbg==",
      "license": "MIT",
      "engines": {
        "node": ">= 16"
      },
      "funding": {
        "url": "https://paulmillr.com/funding/"
      }
    },
    "node_modules/ethereum-cryptography": {
      "version": "2.2.1",
      "resolved": "https://registry.npmjs.org/ethereum-cryptography/-/ethereum-cryptography-2.2.1.tgz",
      "integrity": "sha512-r/W8lkHSiTLxUxW8Rf3u4HGB0xQweG2RyETjywylKZSzLWoWAijRz8WCuOtJ6wah+avllXBqZuk29HCCvhEIRg==",
      "license": "MIT",
      "dependencies": {
        "@noble/curves": "1.4.2",
        "@noble/hashes": "1.4.0",
        "@scure/bip32": "1.4.0",
        "@scure/bip39": "1.3.0"
      }
    },
    "node_modules/ethereum-cryptography/node_modules/@noble/hashes": {
      "version": "1.4.0",
      "resolved": "https://registry.npmjs.org/@noble/hashes/-/hashes-1.4.0.tgz",
      "integrity": "sha512-V1JJ1WTRUqHHrOSh597hURcMqVKVGL/ea3kv0gSnEdsEZ0/+VyPghM1lMNGc00z7CIQorSvbKpuJkxvuHbvdbg==",
      "license": "MIT",
      "engines": {
        "node": ">= 16"
      },
      "funding": {
        "url": "https://paulmillr.com/funding/"
      }
    }
  }
}
